# This file is automatically @generated by Cargo.
# It is not intended for manual editing.
version = 4

[[package]]
name = "azathoth-core"
version = "0.1.1"
source = "registry+https://github.com/rust-lang/crates.io-index"
checksum = "91e2d046db186928ab3830c86911c3341e52c0e7d6721bfa3323d62d554c5b76"

[[package]]
name = "azathoth-utils"
version = "0.1.1"
dependencies = [
 "azathoth-core",
]
